// !$*UTF8*$!
{
	archiveVersion = 1;
	classes = {
	};
	objectVersion = 46;
	objects = {

/* Begin PBXBuildFile section */
		6D3A4F7F19F2F072002D8119 /* AppDelegate.swift in Sources */ = {isa = PBXBuildFile; fileRef = 6D3A4F7E19F2F072002D8119 /* AppDelegate.swift */; };
		6D3A4F8119F2F073002D8119 /* ViewController.swift in Sources */ = {isa = PBXBuildFile; fileRef = 6D3A4F8019F2F073002D8119 /* ViewController.swift */; };
		6D3A4F8419F2F073002D8119 /* Main.storyboard in Resources */ = {isa = PBXBuildFile; fileRef = 6D3A4F8219F2F073002D8119 /* Main.storyboard */; };
		6D3A4F8619F2F073002D8119 /* Images.xcassets in Resources */ = {isa = PBXBuildFile; fileRef = 6D3A4F8519F2F073002D8119 /* Images.xcassets */; };
		6D3A4F8919F2F073002D8119 /* LaunchScreen.xib in Resources */ = {isa = PBXBuildFile; fileRef = 6D3A4F8719F2F073002D8119 /* LaunchScreen.xib */; };
		6D3A4F9519F2F073002D8119 /* Musica_Jam_iOSTests.swift in Sources */ = {isa = PBXBuildFile; fileRef = 6D3A4F9419F2F073002D8119 /* Musica_Jam_iOSTests.swift */; };
		6D3A4F9F19F2F07E002D8119 /* Profile.swift in Sources */ = {isa = PBXBuildFile; fileRef = 6D3A4F9E19F2F07E002D8119 /* Profile.swift */; };
		6D3A4FA119F2F261002D8119 /* FriendsList.swift in Sources */ = {isa = PBXBuildFile; fileRef = 6D3A4FA019F2F261002D8119 /* FriendsList.swift */; };
		6D3A4FA419F3259D002D8119 /* FacebookSDK.framework in Frameworks */ = {isa = PBXBuildFile; fileRef = 6D3A4FA319F3259D002D8119 /* FacebookSDK.framework */; };
		6D3A4FA719F327B5002D8119 /* Facebook-Bridge.m in Sources */ = {isa = PBXBuildFile; fileRef = 6D3A4FA619F327B5002D8119 /* Facebook-Bridge.m */; };
		6D3A4FAB19F3286E002D8119 /* Bolts.framework in Frameworks */ = {isa = PBXBuildFile; fileRef = 6D3A4FA819F3286E002D8119 /* Bolts.framework */; };
		6D3A4FAC19F3286E002D8119 /* Parse.framework in Frameworks */ = {isa = PBXBuildFile; fileRef = 6D3A4FA919F3286E002D8119 /* Parse.framework */; };
		6D3A4FAD19F3286E002D8119 /* ParseFacebookUtils.framework in Frameworks */ = {isa = PBXBuildFile; fileRef = 6D3A4FAA19F3286E002D8119 /* ParseFacebookUtils.framework */; };
		6D3A4FAF19F328D1002D8119 /* AudioToolbox.framework in Frameworks */ = {isa = PBXBuildFile; fileRef = 6D3A4FAE19F328D1002D8119 /* AudioToolbox.framework */; };
		6D3A4FB119F328E5002D8119 /* CFNetwork.framework in Frameworks */ = {isa = PBXBuildFile; fileRef = 6D3A4FB019F328E5002D8119 /* CFNetwork.framework */; };
		6D3A4FB319F328F3002D8119 /* CoreGraphics.framework in Frameworks */ = {isa = PBXBuildFile; fileRef = 6D3A4FB219F328F3002D8119 /* CoreGraphics.framework */; };
		6D3A4FB519F328F8002D8119 /* CoreLocation.framework in Frameworks */ = {isa = PBXBuildFile; fileRef = 6D3A4FB419F328F8002D8119 /* CoreLocation.framework */; };
		6D3A4FB719F32914002D8119 /* libz.dylib in Frameworks */ = {isa = PBXBuildFile; fileRef = 6D3A4FB619F32914002D8119 /* libz.dylib */; };
		6D3A4FB919F32925002D8119 /* MobileCoreServices.framework in Frameworks */ = {isa = PBXBuildFile; fileRef = 6D3A4FB819F32925002D8119 /* MobileCoreServices.framework */; };
		6D3A4FBB19F32931002D8119 /* QuartzCore.framework in Frameworks */ = {isa = PBXBuildFile; fileRef = 6D3A4FBA19F32931002D8119 /* QuartzCore.framework */; };
		6D3A4FBD19F32935002D8119 /* Security.framework in Frameworks */ = {isa = PBXBuildFile; fileRef = 6D3A4FBC19F32935002D8119 /* Security.framework */; };
		6D3A4FBF19F3294A002D8119 /* StoreKit.framework in Frameworks */ = {isa = PBXBuildFile; fileRef = 6D3A4FBE19F3294A002D8119 /* StoreKit.framework */; };
		6D3A4FC119F3295D002D8119 /* SystemConfiguration.framework in Frameworks */ = {isa = PBXBuildFile; fileRef = 6D3A4FC019F3295D002D8119 /* SystemConfiguration.framework */; };
/* End PBXBuildFile section */

/* Begin PBXContainerItemProxy section */
		6D3A4F8F19F2F073002D8119 /* PBXContainerItemProxy */ = {
			isa = PBXContainerItemProxy;
			containerPortal = 6D3A4F7119F2F072002D8119 /* Project object */;
			proxyType = 1;
			remoteGlobalIDString = 6D3A4F7819F2F072002D8119;
			remoteInfo = "Musica Jam iOS";
		};
/* End PBXContainerItemProxy section */

/* Begin PBXFileReference section */
		6D3A4F7919F2F072002D8119 /* Musica Jam iOS.app */ = {isa = PBXFileReference; explicitFileType = wrapper.application; includeInIndex = 0; path = "Musica Jam iOS.app"; sourceTree = BUILT_PRODUCTS_DIR; };
		6D3A4F7D19F2F072002D8119 /* Info.plist */ = {isa = PBXFileReference; lastKnownFileType = text.plist.xml; path = Info.plist; sourceTree = "<group>"; };
		6D3A4F7E19F2F072002D8119 /* AppDelegate.swift */ = {isa = PBXFileReference; lastKnownFileType = sourcecode.swift; path = AppDelegate.swift; sourceTree = "<group>"; };
		6D3A4F8019F2F073002D8119 /* ViewController.swift */ = {isa = PBXFileReference; lastKnownFileType = sourcecode.swift; path = ViewController.swift; sourceTree = "<group>"; };
		6D3A4F8319F2F073002D8119 /* Base */ = {isa = PBXFileReference; lastKnownFileType = file.storyboard; name = Base; path = Base.lproj/Main.storyboard; sourceTree = "<group>"; };
		6D3A4F8519F2F073002D8119 /* Images.xcassets */ = {isa = PBXFileReference; lastKnownFileType = folder.assetcatalog; path = Images.xcassets; sourceTree = "<group>"; };
		6D3A4F8819F2F073002D8119 /* Base */ = {isa = PBXFileReference; lastKnownFileType = file.xib; name = Base; path = Base.lproj/LaunchScreen.xib; sourceTree = "<group>"; };
		6D3A4F8E19F2F073002D8119 /* Musica Jam iOSTests.xctest */ = {isa = PBXFileReference; explicitFileType = wrapper.cfbundle; includeInIndex = 0; path = "Musica Jam iOSTests.xctest"; sourceTree = BUILT_PRODUCTS_DIR; };
		6D3A4F9319F2F073002D8119 /* Info.plist */ = {isa = PBXFileReference; lastKnownFileType = text.plist.xml; path = Info.plist; sourceTree = "<group>"; };
		6D3A4F9419F2F073002D8119 /* Musica_Jam_iOSTests.swift */ = {isa = PBXFileReference; lastKnownFileType = sourcecode.swift; path = Musica_Jam_iOSTests.swift; sourceTree = "<group>"; };
		6D3A4F9E19F2F07E002D8119 /* Profile.swift */ = {isa = PBXFileReference; fileEncoding = 4; lastKnownFileType = sourcecode.swift; path = Profile.swift; sourceTree = "<group>"; };
		6D3A4FA019F2F261002D8119 /* FriendsList.swift */ = {isa = PBXFileReference; fileEncoding = 4; lastKnownFileType = sourcecode.swift; path = FriendsList.swift; sourceTree = "<group>"; };
		6D3A4FA319F3259D002D8119 /* FacebookSDK.framework */ = {isa = PBXFileReference; lastKnownFileType = wrapper.framework; path = FacebookSDK.framework; sourceTree = "<group>"; };
		6D3A4FA519F327B5002D8119 /* Musica Jam iOS-Bridging-Header.h */ = {isa = PBXFileReference; lastKnownFileType = sourcecode.c.h; path = "Musica Jam iOS-Bridging-Header.h"; sourceTree = "<group>"; };
		6D3A4FA619F327B5002D8119 /* Facebook-Bridge.m */ = {isa = PBXFileReference; fileEncoding = 4; lastKnownFileType = sourcecode.c.objc; path = "Facebook-Bridge.m"; sourceTree = "<group>"; };
		6D3A4FA819F3286E002D8119 /* Bolts.framework */ = {isa = PBXFileReference; lastKnownFileType = wrapper.framework; path = Bolts.framework; sourceTree = "<group>"; };
		6D3A4FA919F3286E002D8119 /* Parse.framework */ = {isa = PBXFileReference; lastKnownFileType = wrapper.framework; path = Parse.framework; sourceTree = "<group>"; };
		6D3A4FAA19F3286E002D8119 /* ParseFacebookUtils.framework */ = {isa = PBXFileReference; lastKnownFileType = wrapper.framework; path = ParseFacebookUtils.framework; sourceTree = "<group>"; };
		6D3A4FAE19F328D1002D8119 /* AudioToolbox.framework */ = {isa = PBXFileReference; lastKnownFileType = wrapper.framework; name = AudioToolbox.framework; path = System/Library/Frameworks/AudioToolbox.framework; sourceTree = SDKROOT; };
		6D3A4FB019F328E5002D8119 /* CFNetwork.framework */ = {isa = PBXFileReference; lastKnownFileType = wrapper.framework; name = CFNetwork.framework; path = System/Library/Frameworks/CFNetwork.framework; sourceTree = SDKROOT; };
		6D3A4FB219F328F3002D8119 /* CoreGraphics.framework */ = {isa = PBXFileReference; lastKnownFileType = wrapper.framework; name = CoreGraphics.framework; path = System/Library/Frameworks/CoreGraphics.framework; sourceTree = SDKROOT; };
		6D3A4FB419F328F8002D8119 /* CoreLocation.framework */ = {isa = PBXFileReference; lastKnownFileType = wrapper.framework; name = CoreLocation.framework; path = System/Library/Frameworks/CoreLocation.framework; sourceTree = SDKROOT; };
		6D3A4FB619F32914002D8119 /* libz.dylib */ = {isa = PBXFileReference; lastKnownFileType = "compiled.mach-o.dylib"; name = libz.dylib; path = usr/lib/libz.dylib; sourceTree = SDKROOT; };
		6D3A4FB819F32925002D8119 /* MobileCoreServices.framework */ = {isa = PBXFileReference; lastKnownFileType = wrapper.framework; name = MobileCoreServices.framework; path = System/Library/Frameworks/MobileCoreServices.framework; sourceTree = SDKROOT; };
		6D3A4FBA19F32931002D8119 /* QuartzCore.framework */ = {isa = PBXFileReference; lastKnownFileType = wrapper.framework; name = QuartzCore.framework; path = System/Library/Frameworks/QuartzCore.framework; sourceTree = SDKROOT; };
		6D3A4FBC19F32935002D8119 /* Security.framework */ = {isa = PBXFileReference; lastKnownFileType = wrapper.framework; name = Security.framework; path = System/Library/Frameworks/Security.framework; sourceTree = SDKROOT; };
		6D3A4FBE19F3294A002D8119 /* StoreKit.framework */ = {isa = PBXFileReference; lastKnownFileType = wrapper.framework; name = StoreKit.framework; path = System/Library/Frameworks/StoreKit.framework; sourceTree = SDKROOT; };
		6D3A4FC019F3295D002D8119 /* SystemConfiguration.framework */ = {isa = PBXFileReference; lastKnownFileType = wrapper.framework; name = SystemConfiguration.framework; path = System/Library/Frameworks/SystemConfiguration.framework; sourceTree = SDKROOT; };
/* End PBXFileReference section */

/* Begin PBXFrameworksBuildPhase section */
		6D3A4F7619F2F072002D8119 /* Frameworks */ = {
			isa = PBXFrameworksBuildPhase;
			buildActionMask = 2147483647;
			files = (
				6D3A4FC119F3295D002D8119 /* SystemConfiguration.framework in Frameworks */,
				6D3A4FBF19F3294A002D8119 /* StoreKit.framework in Frameworks */,
				6D3A4FBD19F32935002D8119 /* Security.framework in Frameworks */,
				6D3A4FBB19F32931002D8119 /* QuartzCore.framework in Frameworks */,
				6D3A4FB919F32925002D8119 /* MobileCoreServices.framework in Frameworks */,
				6D3A4FB719F32914002D8119 /* libz.dylib in Frameworks */,
				6D3A4FB519F328F8002D8119 /* CoreLocation.framework in Frameworks */,
				6D3A4FB319F328F3002D8119 /* CoreGraphics.framework in Frameworks */,
				6D3A4FB119F328E5002D8119 /* CFNetwork.framework in Frameworks */,
				6D3A4FAF19F328D1002D8119 /* AudioToolbox.framework in Frameworks */,
				6D3A4FA419F3259D002D8119 /* FacebookSDK.framework in Frameworks */,
				6D3A4FAC19F3286E002D8119 /* Parse.framework in Frameworks */,
				6D3A4FAD19F3286E002D8119 /* ParseFacebookUtils.framework in Frameworks */,
				6D3A4FAB19F3286E002D8119 /* Bolts.framework in Frameworks */,
			);
			runOnlyForDeploymentPostprocessing = 0;
		};
		6D3A4F8B19F2F073002D8119 /* Frameworks */ = {
			isa = PBXFrameworksBuildPhase;
			buildActionMask = 2147483647;
			files = (
			);
			runOnlyForDeploymentPostprocessing = 0;
		};
/* End PBXFrameworksBuildPhase section */

/* Begin PBXGroup section */
		6D3A4F7019F2F072002D8119 = {
			isa = PBXGroup;
			children = (
				6D3A4FC019F3295D002D8119 /* SystemConfiguration.framework */,
				6D3A4FBE19F3294A002D8119 /* StoreKit.framework */,
				6D3A4FBC19F32935002D8119 /* Security.framework */,
				6D3A4FBA19F32931002D8119 /* QuartzCore.framework */,
				6D3A4FB819F32925002D8119 /* MobileCoreServices.framework */,
				6D3A4FB619F32914002D8119 /* libz.dylib */,
				6D3A4FB419F328F8002D8119 /* CoreLocation.framework */,
				6D3A4FB219F328F3002D8119 /* CoreGraphics.framework */,
				6D3A4FB019F328E5002D8119 /* CFNetwork.framework */,
				6D3A4FAE19F328D1002D8119 /* AudioToolbox.framework */,
				6D3A4FA319F3259D002D8119 /* FacebookSDK.framework */,
				6D3A4F7B19F2F072002D8119 /* Musica Jam iOS */,
				6D3A4F9119F2F073002D8119 /* Musica Jam iOSTests */,
				6D3A4F7A19F2F072002D8119 /* Products */,
			);
			sourceTree = "<group>";
		};
		6D3A4F7A19F2F072002D8119 /* Products */ = {
			isa = PBXGroup;
			children = (
				6D3A4F7919F2F072002D8119 /* Musica Jam iOS.app */,
				6D3A4F8E19F2F073002D8119 /* Musica Jam iOSTests.xctest */,
			);
			name = Products;
			sourceTree = "<group>";
		};
		6D3A4F7B19F2F072002D8119 /* Musica Jam iOS */ = {
			isa = PBXGroup;
			children = (
				6D3A4FA819F3286E002D8119 /* Bolts.framework */,
				6D3A4FA919F3286E002D8119 /* Parse.framework */,
				6D3A4FAA19F3286E002D8119 /* ParseFacebookUtils.framework */,
				6D3A4F7E19F2F072002D8119 /* AppDelegate.swift */,
				6D3A4F8019F2F073002D8119 /* ViewController.swift */,
				6D3A4F9E19F2F07E002D8119 /* Profile.swift */,
				6D3A4FA019F2F261002D8119 /* FriendsList.swift */,
				6D3A4F8219F2F073002D8119 /* Main.storyboard */,
				6D3A4F8519F2F073002D8119 /* Images.xcassets */,
				6D3A4F8719F2F073002D8119 /* LaunchScreen.xib */,
				6D3A4F7C19F2F072002D8119 /* Supporting Files */,
				6D3A4FA619F327B5002D8119 /* Facebook-Bridge.m */,
				6D3A4FA519F327B5002D8119 /* Musica Jam iOS-Bridging-Header.h */,
			);
			path = "Musica Jam iOS";
			sourceTree = "<group>";
		};
		6D3A4F7C19F2F072002D8119 /* Supporting Files */ = {
			isa = PBXGroup;
			children = (
				6D3A4F7D19F2F072002D8119 /* Info.plist */,
			);
			name = "Supporting Files";
			sourceTree = "<group>";
		};
		6D3A4F9119F2F073002D8119 /* Musica Jam iOSTests */ = {
			isa = PBXGroup;
			children = (
				6D3A4F9419F2F073002D8119 /* Musica_Jam_iOSTests.swift */,
				6D3A4F9219F2F073002D8119 /* Supporting Files */,
			);
			path = "Musica Jam iOSTests";
			sourceTree = "<group>";
		};
		6D3A4F9219F2F073002D8119 /* Supporting Files */ = {
			isa = PBXGroup;
			children = (
				6D3A4F9319F2F073002D8119 /* Info.plist */,
			);
			name = "Supporting Files";
			sourceTree = "<group>";
		};
/* End PBXGroup section */

/* Begin PBXNativeTarget section */
		6D3A4F7819F2F072002D8119 /* Musica Jam iOS */ = {
			isa = PBXNativeTarget;
			buildConfigurationList = 6D3A4F9819F2F073002D8119 /* Build configuration list for PBXNativeTarget "Musica Jam iOS" */;
			buildPhases = (
				6D3A4F7519F2F072002D8119 /* Sources */,
				6D3A4F7619F2F072002D8119 /* Frameworks */,
				6D3A4F7719F2F072002D8119 /* Resources */,
			);
			buildRules = (
			);
			dependencies = (
			);
			name = "Musica Jam iOS";
			productName = "Musica Jam iOS";
			productReference = 6D3A4F7919F2F072002D8119 /* Musica Jam iOS.app */;
			productType = "com.apple.product-type.application";
		};
		6D3A4F8D19F2F073002D8119 /* Musica Jam iOSTests */ = {
			isa = PBXNativeTarget;
			buildConfigurationList = 6D3A4F9B19F2F073002D8119 /* Build configuration list for PBXNativeTarget "Musica Jam iOSTests" */;
			buildPhases = (
				6D3A4F8A19F2F073002D8119 /* Sources */,
				6D3A4F8B19F2F073002D8119 /* Frameworks */,
				6D3A4F8C19F2F073002D8119 /* Resources */,
			);
			buildRules = (
			);
			dependencies = (
				6D3A4F9019F2F073002D8119 /* PBXTargetDependency */,
			);
			name = "Musica Jam iOSTests";
			productName = "Musica Jam iOSTests";
			productReference = 6D3A4F8E19F2F073002D8119 /* Musica Jam iOSTests.xctest */;
			productType = "com.apple.product-type.bundle.unit-test";
		};
/* End PBXNativeTarget section */

/* Begin PBXProject section */
		6D3A4F7119F2F072002D8119 /* Project object */ = {
			isa = PBXProject;
			attributes = {
				LastUpgradeCheck = 0600;
				ORGANIZATIONNAME = "Dan Hoang";
				TargetAttributes = {
					6D3A4F7819F2F072002D8119 = {
						CreatedOnToolsVersion = 6.0;
					};
					6D3A4F8D19F2F073002D8119 = {
						CreatedOnToolsVersion = 6.0;
						TestTargetID = 6D3A4F7819F2F072002D8119;
					};
				};
			};
			buildConfigurationList = 6D3A4F7419F2F072002D8119 /* Build configuration list for PBXProject "Musica Jam iOS" */;
			compatibilityVersion = "Xcode 3.2";
			developmentRegion = English;
			hasScannedForEncodings = 0;
			knownRegions = (
				en,
				Base,
			);
			mainGroup = 6D3A4F7019F2F072002D8119;
			productRefGroup = 6D3A4F7A19F2F072002D8119 /* Products */;
			projectDirPath = "";
			projectRoot = "";
			targets = (
				6D3A4F7819F2F072002D8119 /* Musica Jam iOS */,
				6D3A4F8D19F2F073002D8119 /* Musica Jam iOSTests */,
			);
		};
/* End PBXProject section */

/* Begin PBXResourcesBuildPhase section */
		6D3A4F7719F2F072002D8119 /* Resources */ = {
			isa = PBXResourcesBuildPhase;
			buildActionMask = 2147483647;
			files = (
				6D3A4F8419F2F073002D8119 /* Main.storyboard in Resources */,
				6D3A4F8919F2F073002D8119 /* LaunchScreen.xib in Resources */,
				6D3A4F8619F2F073002D8119 /* Images.xcassets in Resources */,
			);
			runOnlyForDeploymentPostprocessing = 0;
		};
		6D3A4F8C19F2F073002D8119 /* Resources */ = {
			isa = PBXResourcesBuildPhase;
			buildActionMask = 2147483647;
			files = (
			);
			runOnlyForDeploymentPostprocessing = 0;
		};
/* End PBXResourcesBuildPhase section */

/* Begin PBXSourcesBuildPhase section */
		6D3A4F7519F2F072002D8119 /* Sources */ = {
			isa = PBXSourcesBuildPhase;
			buildActionMask = 2147483647;
			files = (
				6D3A4FA719F327B5002D8119 /* Facebook-Bridge.m in Sources */,
				6D3A4F8119F2F073002D8119 /* ViewController.swift in Sources */,
				6D3A4F9F19F2F07E002D8119 /* Profile.swift in Sources */,
				6D3A4F7F19F2F072002D8119 /* AppDelegate.swift in Sources */,
				6D3A4FA119F2F261002D8119 /* FriendsList.swift in Sources */,
			);
			runOnlyForDeploymentPostprocessing = 0;
		};
		6D3A4F8A19F2F073002D8119 /* Sources */ = {
			isa = PBXSourcesBuildPhase;
			buildActionMask = 2147483647;
			files = (
				6D3A4F9519F2F073002D8119 /* Musica_Jam_iOSTests.swift in Sources */,
			);
			runOnlyForDeploymentPostprocessing = 0;
		};
/* End PBXSourcesBuildPhase section */

/* Begin PBXTargetDependency section */
		6D3A4F9019F2F073002D8119 /* PBXTargetDependency */ = {
			isa = PBXTargetDependency;
			target = 6D3A4F7819F2F072002D8119 /* Musica Jam iOS */;
			targetProxy = 6D3A4F8F19F2F073002D8119 /* PBXContainerItemProxy */;
		};
/* End PBXTargetDependency section */

/* Begin PBXVariantGroup section */
		6D3A4F8219F2F073002D8119 /* Main.storyboard */ = {
			isa = PBXVariantGroup;
			children = (
				6D3A4F8319F2F073002D8119 /* Base */,
			);
			name = Main.storyboard;
			sourceTree = "<group>";
		};
		6D3A4F8719F2F073002D8119 /* LaunchScreen.xib */ = {
			isa = PBXVariantGroup;
			children = (
				6D3A4F8819F2F073002D8119 /* Base */,
			);
			name = LaunchScreen.xib;
			sourceTree = "<group>";
		};
/* End PBXVariantGroup section */

/* Begin XCBuildConfiguration section */
		6D3A4F9619F2F073002D8119 /* Debug */ = {
			isa = XCBuildConfiguration;
			buildSettings = {
				ALWAYS_SEARCH_USER_PATHS = NO;
				CLANG_CXX_LANGUAGE_STANDARD = "gnu++0x";
				CLANG_CXX_LIBRARY = "libc++";
				CLANG_ENABLE_MODULES = YES;
				CLANG_ENABLE_OBJC_ARC = YES;
				CLANG_WARN_BOOL_CONVERSION = YES;
				CLANG_WARN_CONSTANT_CONVERSION = YES;
				CLANG_WARN_DIRECT_OBJC_ISA_USAGE = YES_ERROR;
				CLANG_WARN_EMPTY_BODY = YES;
				CLANG_WARN_ENUM_CONVERSION = YES;
				CLANG_WARN_INT_CONVERSION = YES;
				CLANG_WARN_OBJC_ROOT_CLASS = YES_ERROR;
				CLANG_WARN_UNREACHABLE_CODE = YES;
				CLANG_WARN__DUPLICATE_METHOD_MATCH = YES;
				"CODE_SIGN_IDENTITY[sdk=iphoneos*]" = "iPhone Developer";
				COPY_PHASE_STRIP = NO;
				ENABLE_STRICT_OBJC_MSGSEND = YES;
				GCC_C_LANGUAGE_STANDARD = gnu99;
				GCC_DYNAMIC_NO_PIC = NO;
				GCC_OPTIMIZATION_LEVEL = 0;
				GCC_PREPROCESSOR_DEFINITIONS = (
					"DEBUG=1",
					"$(inherited)",
				);
				GCC_SYMBOLS_PRIVATE_EXTERN = NO;
				GCC_WARN_64_TO_32_BIT_CONVERSION = YES;
				GCC_WARN_ABOUT_RETURN_TYPE = YES_ERROR;
				GCC_WARN_UNDECLARED_SELECTOR = YES;
				GCC_WARN_UNINITIALIZED_AUTOS = YES_AGGRESSIVE;
				GCC_WARN_UNUSED_FUNCTION = YES;
				GCC_WARN_UNUSED_VARIABLE = YES;
				IPHONEOS_DEPLOYMENT_TARGET = 8.0;
				MTL_ENABLE_DEBUG_INFO = YES;
				ONLY_ACTIVE_ARCH = YES;
				SDKROOT = iphoneos;
				SWIFT_OPTIMIZATION_LEVEL = "-Onone";
				TARGETED_DEVICE_FAMILY = "1,2";
			};
			name = Debug;
		};
		6D3A4F9719F2F073002D8119 /* Release */ = {
			isa = XCBuildConfiguration;
			buildSettings = {
				ALWAYS_SEARCH_USER_PATHS = NO;
				CLANG_CXX_LANGUAGE_STANDARD = "gnu++0x";
				CLANG_CXX_LIBRARY = "libc++";
				CLANG_ENABLE_MODULES = YES;
				CLANG_ENABLE_OBJC_ARC = YES;
				CLANG_WARN_BOOL_CONVERSION = YES;
				CLANG_WARN_CONSTANT_CONVERSION = YES;
				CLANG_WARN_DIRECT_OBJC_ISA_USAGE = YES_ERROR;
				CLANG_WARN_EMPTY_BODY = YES;
				CLANG_WARN_ENUM_CONVERSION = YES;
				CLANG_WARN_INT_CONVERSION = YES;
				CLANG_WARN_OBJC_ROOT_CLASS = YES_ERROR;
				CLANG_WARN_UNREACHABLE_CODE = YES;
				CLANG_WARN__DUPLICATE_METHOD_MATCH = YES;
				"CODE_SIGN_IDENTITY[sdk=iphoneos*]" = "iPhone Developer";
				COPY_PHASE_STRIP = YES;
				ENABLE_NS_ASSERTIONS = NO;
				ENABLE_STRICT_OBJC_MSGSEND = YES;
				GCC_C_LANGUAGE_STANDARD = gnu99;
				GCC_WARN_64_TO_32_BIT_CONVERSION = YES;
				GCC_WARN_ABOUT_RETURN_TYPE = YES_ERROR;
				GCC_WARN_UNDECLARED_SELECTOR = YES;
				GCC_WARN_UNINITIALIZED_AUTOS = YES_AGGRESSIVE;
				GCC_WARN_UNUSED_FUNCTION = YES;
				GCC_WARN_UNUSED_VARIABLE = YES;
				IPHONEOS_DEPLOYMENT_TARGET = 8.0;
				MTL_ENABLE_DEBUG_INFO = NO;
				SDKROOT = iphoneos;
				TARGETED_DEVICE_FAMILY = "1,2";
				VALIDATE_PRODUCT = YES;
			};
			name = Release;
		};
		6D3A4F9919F2F073002D8119 /* Debug */ = {
			isa = XCBuildConfiguration;
			buildSettings = {
				ASSETCATALOG_COMPILER_APPICON_NAME = AppIcon;
				CLANG_ENABLE_MODULES = YES;
				FRAMEWORK_SEARCH_PATHS = (
					"$(inherited)",
					"$(PROJECT_DIR)",
					"$(PROJECT_DIR)/Musica",
					Jam,
					iOS,
				);
				INFOPLIST_FILE = "Musica Jam iOS/Info.plist";
				LD_RUNPATH_SEARCH_PATHS = "$(inherited) @executable_path/Frameworks";
				PRODUCT_NAME = "$(TARGET_NAME)";
				SWIFT_OBJC_BRIDGING_HEADER = "Musica Jam iOS/Musica Jam iOS-Bridging-Header.h";
				SWIFT_OPTIMIZATION_LEVEL = "-Onone";
			};
			name = Debug;
		};
		6D3A4F9A19F2F073002D8119 /* Release */ = {
			isa = XCBuildConfiguration;
			buildSettings = {
				ASSETCATALOG_COMPILER_APPICON_NAME = AppIcon;
				CLANG_ENABLE_MODULES = YES;
				FRAMEWORK_SEARCH_PATHS = (
					"$(inherited)",
					"$(PROJECT_DIR)",
					"$(PROJECT_DIR)/Musica",
					Jam,
					iOS,
				);
				INFOPLIST_FILE = "Musica Jam iOS/Info.plist";
				LD_RUNPATH_SEARCH_PATHS = "$(inherited) @executable_path/Frameworks";
				PRODUCT_NAME = "$(TARGET_NAME)";
				SWIFT_OBJC_BRIDGING_HEADER = "Musica Jam iOS/Musica Jam iOS-Bridging-Header.h";
			};
			name = Release;
		};
		6D3A4F9C19F2F073002D8119 /* Debug */ = {
			isa = XCBuildConfiguration;
			buildSettings = {
				BUNDLE_LOADER = "$(TEST_HOST)";
				FRAMEWORK_SEARCH_PATHS = (
					"$(SDKROOT)/Developer/Library/Frameworks",
					"$(inherited)",
				);
				GCC_PREPROCESSOR_DEFINITIONS = (
					"DEBUG=1",
					"$(inherited)",
				);
				INFOPLIST_FILE = "Musica Jam iOSTests/Info.plist";
				LD_RUNPATH_SEARCH_PATHS = "$(inherited) @executable_path/Frameworks @loader_path/Frameworks";
				PRODUCT_NAME = "$(TARGET_NAME)";
				TEST_HOST = "$(BUILT_PRODUCTS_DIR)/Musica Jam iOS.app/Musica Jam iOS";
			};
			name = Debug;
		};
		6D3A4F9D19F2F073002D8119 /* Release */ = {
			isa = XCBuildConfiguration;
			buildSettings = {
				BUNDLE_LOADER = "$(TEST_HOST)";
				FRAMEWORK_SEARCH_PATHS = (
					"$(SDKROOT)/Developer/Library/Frameworks",
					"$(inherited)",
				);
				INFOPLIST_FILE = "Musica Jam iOSTests/Info.plist";
				LD_RUNPATH_SEARCH_PATHS = "$(inherited) @executable_path/Frameworks @loader_path/Frameworks";
				PRODUCT_NAME = "$(TARGET_NAME)";
				TEST_HOST = "$(BUILT_PRODUCTS_DIR)/Musica Jam iOS.app/Musica Jam iOS";
			};
			name = Release;
		};
/* End XCBuildConfiguration section */

/* Begin XCConfigurationList section */
		6D3A4F7419F2F072002D8119 /* Build configuration list for PBXProject "Musica Jam iOS" */ = {
			isa = XCConfigurationList;
			buildConfigurations = (
				6D3A4F9619F2F073002D8119 /* Debug */,
				6D3A4F9719F2F073002D8119 /* Release */,
			);
			defaultConfigurationIsVisible = 0;
			defaultConfigurationName = Release;
		};
		6D3A4F9819F2F073002D8119 /* Build configuration list for PBXNativeTarget "Musica Jam iOS" */ = {
			isa = XCConfigurationList;
			buildConfigurations = (
				6D3A4F9919F2F073002D8119 /* Debug */,
				6D3A4F9A19F2F073002D8119 /* Release */,
			);
			defaultConfigurationIsVisible = 0;
		};
		6D3A4F9B19F2F073002D8119 /* Build configuration list for PBXNativeTarget "Musica Jam iOSTests" */ = {
			isa = XCConfigurationList;
			buildConfigurations = (
				6D3A4F9C19F2F073002D8119 /* Debug */,
				6D3A4F9D19F2F073002D8119 /* Release */,
			);
			defaultConfigurationIsVisible = 0;
		};
/* End XCConfigurationList section */
	};
	rootObject = 6D3A4F7119F2F072002D8119 /* Project object */;
}
